Microsoft Visual Studio Solution File, Format Version 12.00
# Visual Studio Version 17
VisualStudioVersion = 17.5.2.0
MinimumVisualStudioVersion = 10.0.40219.1
Project("{FAE04EC0-301F-11D3-BF4B-00C04F79EFBC}") = "DinoMathAdventure", "DinoMathAdventure.csproj", "{52F976EB-98CE-3A63-2019-B558C6577779}"
EndProject
Global
	GlobalSection(SolutionConfigurationPlatforms) = preSolution
		Debug|Any CPU = Debug|Any CPU
		Release|Any CPU = Release|Any CPU
	EndGlobalSection
	GlobalSection(ProjectConfigurationPlatforms) = postSolution
		{52F976EB-98CE-3A63-2019-B558C6577779}.Debug|Any CPU.ActiveCfg = Debug|Any CPU
		{52F976EB-98CE-3A63-2019-B558C6577779}.Debug|Any CPU.Build.0 = Debug|Any CPU
		{52F976EB-98CE-3A63-2019-B558C6577779}.Release|Any CPU.ActiveCfg = Release|Any CPU
		{52F976EB-98CE-3A63-2019-B558C6577779}.Release|Any CPU.Build.0 = Release|Any CPU
	EndGlobalSection
	GlobalSection(SolutionProperties) = preSolution
		HideSolutionNode = FALSE
	EndGlobalSection
	GlobalSection(ExtensibilityGlobals) = postSolution
		SolutionGuid = {4962CCC9-3AC8-4B08-8FB7-AEE3B0004787}
	EndGlobalSection
EndGlobal
